// !$*UTF8*$!
{
	archiveVersion = 1;
	classes = {
	};
	objectVersion = 48;
	objects = {

/* Begin PBXBuildFile section */
		C195E1AE1F906A0200E7F620 /* AppDelegate.swift in Sources */ = {isa = PBXBuildFile; fileRef = C195E1AD1F906A0200E7F620 /* AppDelegate.swift */; };
		C195E1B01F906A0200E7F620 /* ViewController.swift in Sources */ = {isa = PBXBuildFile; fileRef = C195E1AF1F906A0200E7F620 /* ViewController.swift */; };
		C195E1B31F906A0200E7F620 /* Main.storyboard in Resources */ = {isa = PBXBuildFile; fileRef = C195E1B11F906A0200E7F620 /* Main.storyboard */; };
		C195E1B51F906A0200E7F620 /* Assets.xcassets in Resources */ = {isa = PBXBuildFile; fileRef = C195E1B41F906A0200E7F620 /* Assets.xcassets */; };
		C195E1B81F906A0200E7F620 /* LaunchScreen.storyboard in Resources */ = {isa = PBXBuildFile; fileRef = C195E1B61F906A0200E7F620 /* LaunchScreen.storyboard */; };
/* End PBXBuildFile section */

/* Begin PBXFileReference section */
		C195E1AA1F906A0200E7F620 /* ＥＶ.app */ = {isa = PBXFileReference; explicitFileType = wrapper.application; includeInIndex = 0; path = "ＥＶ.app"; sourceTree = BUILT_PRODUCTS_DIR; };
		C195E1AD1F906A0200E7F620 /* AppDelegate.swift */ = {isa = PBXFileReference; lastKnownFileType = sourcecode.swift; path = AppDelegate.swift; sourceTree = "<group>"; };
		C195E1AF1F906A0200E7F620 /* ViewController.swift */ = {isa = PBXFileReference; lastKnownFileType = sourcecode.swift; path = ViewController.swift; sourceTree = "<group>"; };
		C195E1B21F906A0200E7F620 /* Base */ = {isa = PBXFileReference; lastKnownFileType = file.storyboard; name = Base; path = Base.lproj/Main.storyboard; sourceTree = "<group>"; };
		C195E1B41F906A0200E7F620 /* Assets.xcassets */ = {isa = PBXFileReference; lastKnownFileType = folder.assetcatalog; path = Assets.xcassets; sourceTree = "<group>"; };
		C195E1B71F906A0200E7F620 /* Base */ = {isa = PBXFileReference; lastKnownFileType = file.storyboard; name = Base; path = Base.lproj/LaunchScreen.storyboard; sourceTree = "<group>"; };
		C195E1B91F906A0200E7F620 /* Info.plist */ = {isa = PBXFileReference; lastKnownFileType = text.plist.xml; path = Info.plist; sourceTree = "<group>"; };
/* End PBXFileReference section */

/* Begin PBXFrameworksBuildPhase section */
		C195E1A71F906A0200E7F620 /* Frameworks */ = {
			isa = PBXFrameworksBuildPhase;
			buildActionMask = 2147483647;
			files = (
			);
			runOnlyForDeploymentPostprocessing = 0;
		};
/* End PBXFrameworksBuildPhase section */

/* Begin PBXGroup section */
		C195E1A11F906A0200E7F620 = {
			isa = PBXGroup;
			children = (
				C195E1AC1F906A0200E7F620 /* ＥＶ */,
				C195E1AB1F906A0200E7F620 /* Products */,
			);
			sourceTree = "<group>";
		};
		C195E1AB1F906A0200E7F620 /* Products */ = {
			isa = PBXGroup;
			children = (
				C195E1AA1F906A0200E7F620 /* ＥＶ.app */,
			);
			name = Products;
			sourceTree = "<group>";
		};
		C195E1AC1F906A0200E7F620 /* ＥＶ */ = {
			isa = PBXGroup;
			children = (
				C195E1AD1F906A0200E7F620 /* AppDelegate.swift */,
				C195E1AF1F906A0200E7F620 /* ViewController.swift */,
				C195E1B11F906A0200E7F620 /* Main.storyboard */,
				C195E1B41F906A0200E7F620 /* Assets.xcassets */,
				C195E1B61F906A0200E7F620 /* LaunchScreen.storyboard */,
				C195E1B91F906A0200E7F620 /* Info.plist */,
			);
			path = "ＥＶ";
			sourceTree = "<group>";
		};
/* End PBXGroup section */

/* Begin PBXNativeTarget section */
		C195E1A91F906A0200E7F620 /* ＥＶ */ = {
			isa = PBXNativeTarget;
			buildConfigurationList = C195E1BC1F906A0200E7F620 /* Build configuration list for PBXNativeTarget "ＥＶ" */;
			buildPhases = (
				C195E1A61F906A0200E7F620 /* Sources */,
				C195E1A71F906A0200E7F620 /* Frameworks */,
				C195E1A81F906A0200E7F620 /* Resources */,
			);
			buildRules = (
			);
			dependencies = (
			);
			name = "ＥＶ";
			productName = "ＥＶ";
			productReference = C195E1AA1F906A0200E7F620 /* ＥＶ.app */;
			productType = "com.apple.product-type.application";
		};
/* End PBXNativeTarget section */

/* Begin PBXProject section */
		C195E1A21F906A0200E7F620 /* Project object */ = {
			isa = PBXProject;
			attributes = {
				LastSwiftUpdateCheck = 0900;
				LastUpgradeCheck = 0900;
				ORGANIZATIONNAME = user_21;
				TargetAttributes = {
					C195E1A91F906A0200E7F620 = {
						CreatedOnToolsVersion = 9.0;
						ProvisioningStyle = Automatic;
					};
				};
			};
			buildConfigurationList = C195E1A51F906A0200E7F620 /* Build configuration list for PBXProject "ＥＶ" */;
			compatibilityVersion = "Xcode 8.0";
			developmentRegion = en;
			hasScannedForEncodings = 0;
			knownRegions = (
				en,
				Base,
			);
			mainGroup = C195E1A11F906A0200E7F620;
			productRefGroup = C195E1AB1F906A0200E7F620 /* Products */;
			projectDirPath = "";
			projectRoot = "";
			targets = (
				C195E1A91F906A0200E7F620 /* ＥＶ */,
			);
		};
/* End PBXProject section */

/* Begin PBXResourcesBuildPhase section */
		C195E1A81F906A0200E7F620 /* Resources */ = {
			isa = PBXResourcesBuildPhase;
			buildActionMask = 2147483647;
			files = (
				C195E1B81F906A0200E7F620 /* LaunchScreen.storyboard in Resources */,
				C195E1B51F906A0200E7F620 /* Assets.xcassets in Resources */,
				C195E1B31F906A0200E7F620 /* Main.storyboard in Resources */,
			);
			runOnlyForDeploymentPostprocessing = 0;
		};
/* End PBXResourcesBuildPhase section */

/* Begin PBXSourcesBuildPhase section */
		C195E1A61F906A0200E7F620 /* Sources */ = {
			isa = PBXSourcesBuildPhase;
			buildActionMask = 2147483647;
			files = (
				C195E1B01F906A0200E7F620 /* ViewController.swift in Sources */,
				C195E1AE1F906A0200E7F620 /* AppDelegate.swift in Sources */,
			);
			runOnlyForDeploymentPostprocessing = 0;
		};
/* End PBXSourcesBuildPhase section */

/* Begin PBXVariantGroup section */
		C195E1B11F906A0200E7F620 /* Main.storyboard */ = {
			isa = PBXVariantGroup;
			children = (
				C195E1B21F906A0200E7F620 /* Base */,
			);
			name = Main.storyboard;
			sourceTree = "<group>";
		};
		C195E1B61F906A0200E7F620 /* LaunchScreen.storyboard */ = {
			isa = PBXVariantGroup;
			children = (
				C195E1B71F906A0200E7F620 /* Base */,
			);
			name = LaunchScreen.storyboard;
			sourceTree = "<group>";
		};
/* End PBXVariantGroup section */

/* Begin XCBuildConfiguration section */
		C195E1BA1F906A0200E7F620 /* Debug */ = {
			isa = XCBuildConfiguration;
			buildSettings = {
				ALWAYS_SEARCH_USER_PATHS = NO;
				CLANG_ANALYZER_NONNULL = YES;
				CLANG_ANALYZER_NUMBER_OBJECT_CONVERSION = YES_AGGRESSIVE;
				CLANG_CXX_LANGUAGE_STANDARD = "gnu++14";
				CLANG_CXX_LIBRARY = "libc++";
				CLANG_ENABLE_MODULES = YES;
				CLANG_ENABLE_OBJC_ARC = YES;
				CLANG_WARN_BLOCK_CAPTURE_AUTORELEASING = YES;
				CLANG_WARN_BOOL_CONVERSION = YES;
				CLANG_WARN_COMMA = YES;
				CLANG_WARN_CONSTANT_CONVERSION = YES;
				CLANG_WARN_DIRECT_OBJC_ISA_USAGE = YES_ERROR;
				CLANG_WARN_DOCUMENTATION_COMMENTS = YES;
				CLANG_WARN_EMPTY_BODY = YES;
				CLANG_WARN_ENUM_CONVERSION = YES;
				CLANG_WARN_INFINITE_RECURSION = YES;
				CLANG_WARN_INT_CONVERSION = YES;
				CLANG_WARN_NON_LITERAL_NULL_CONVERSION = YES;
				CLANG_WARN_OBJC_LITERAL_CONVERSION = YES;
				CLANG_WARN_OBJC_ROOT_CLASS = YES_ERROR;
				CLANG_WARN_RANGE_LOOP_ANALYSIS = YES;
				CLANG_WARN_STRICT_PROTOTYPES = YES;
				CLANG_WARN_SUSPICIOUS_MOVE = YES;
				CLANG_WARN_UNGUARDED_AVAILABILITY = YES_AGGRESSIVE;
				CLANG_WARN_UNREACHABLE_CODE = YES;
				CLANG_WARN__DUPLICATE_METHOD_MATCH = YES;
				CODE_SIGN_IDENTITY = "iPhone Developer";
				COPY_PHASE_STRIP = NO;
				DEBUG_INFORMATION_FORMAT = dwarf;
				ENABLE_STRICT_OBJC_MSGSEND = YES;
				ENABLE_TESTABILITY = YES;
				GCC_C_LANGUAGE_STANDARD = gnu11;
				GCC_DYNAMIC_NO_PIC = NO;
				GCC_NO_COMMON_BLOCKS = YES;
				GCC_OPTIMIZATION_LEVEL = 0;
				GCC_PREPROCESSOR_DEFINITIONS = (
					"DEBUG=1",
					"$(inherited)",
				);
				GCC_WARN_64_TO_32_BIT_CONVERSION = YES;
				GCC_WARN_ABOUT_RETURN_TYPE = YES_ERROR;
				GCC_WARN_UNDECLARED_SELECTOR = YES;
				GCC_WARN_UNINITIALIZED_AUTOS = YES_AGGRESSIVE;
				GCC_WARN_UNUSED_FUNCTION = YES;
				GCC_WARN_UNUSED_VARIABLE = YES;
				IPHONEOS_DEPLOYMENT_TARGET = 11.0;
				MTL_ENABLE_DEBUG_INFO = YES;
				ONLY_ACTIVE_ARCH = YES;
				SDKROOT = iphoneos;
				SWIFT_ACTIVE_COMPILATION_CONDITIONS = DEBUG;
				SWIFT_OPTIMIZATION_LEVEL = "-Onone";
			};
			name = Debug;
		};
		C195E1BB1F906A0200E7F620 /* Release */ = {
			isa = XCBuildConfiguration;
			buildSettings = {
				ALWAYS_SEARCH_USER_PATHS = NO;
				CLANG_ANALYZER_NONNULL = YES;
				CLANG_ANALYZER_NUMBER_OBJECT_CONVERSION = YES_AGGRESSIVE;
				CLANG_CXX_LANGUAGE_STANDARD = "gnu++14";
				CLANG_CXX_LIBRARY = "libc++";
				CLANG_ENABLE_MODULES = YES;
				CLANG_ENABLE_OBJC_ARC = YES;
				CLANG_WARN_BLOCK_CAPTURE_AUTORELEASING = YES;
				CLANG_WARN_BOOL_CONVERSION = YES;
				CLANG_WARN_COMMA = YES;
				CLANG_WARN_CONSTANT_CONVERSION = YES;
				CLANG_WARN_DIRECT_OBJC_ISA_USAGE = YES_ERROR;
				CLANG_WARN_DOCUMENTATION_COMMENTS = YES;
				CLANG_WARN_EMPTY_BODY = YES;
				CLANG_WARN_ENUM_CONVERSION = YES;
				CLANG_WARN_INFINITE_RECURSION = YES;
				CLANG_WARN_INT_CONVERSION = YES;
				CLANG_WARN_NON_LITERAL_NULL_CONVERSION = YES;
				CLANG_WARN_OBJC_LITERAL_CONVERSION = YES;
				CLANG_WARN_OBJC_ROOT_CLASS = YES_ERROR;
				CLANG_WARN_RANGE_LOOP_ANALYSIS = YES;
				CLANG_WARN_STRICT_PROTOTYPES = YES;
				CLANG_WARN_SUSPICIOUS_MOVE = YES;
				CLANG_WARN_UNGUARDED_AVAILABILITY = YES_AGGRESSIVE;
				CLANG_WARN_UNREACHABLE_CODE = YES;
				CLANG_WARN__DUPLICATE_METHOD_MATCH = YES;
				CODE_SIGN_IDENTITY = "iPhone Developer";
				COPY_PHASE_STRIP = NO;
				DEBUG_INFORMATION_FORMAT = "dwarf-with-dsym";
				ENABLE_NS_ASSERTIONS = NO;
				ENABLE_STRICT_OBJC_MSGSEND = YES;
				GCC_C_LANGUAGE_STANDARD = gnu11;
				GCC_NO_COMMON_BLOCKS = YES;
				GCC_WARN_64_TO_32_BIT_CONVERSION = YES;
				GCC_WARN_ABOUT_RETURN_TYPE = YES_ERROR;
				GCC_WARN_UNDECLARED_SELECTOR = YES;
				GCC_WARN_UNINITIALIZED_AUTOS = YES_AGGRESSIVE;
				GCC_WARN_UNUSED_FUNCTION = YES;
				GCC_WARN_UNUSED_VARIABLE = YES;
				IPHONEOS_DEPLOYMENT_TARGET = 11.0;
				MTL_ENABLE_DEBUG_INFO = NO;
				SDKROOT = iphoneos;
				SWIFT_OPTIMIZATION_LEVEL = "-Owholemodule";
				VALIDATE_PRODUCT = YES;
			};
			name = Release;
		};
		C195E1BD1F906A0200E7F620 /* Debug */ = {
			isa = XCBuildConfiguration;
			buildSettings = {
				ASSETCATALOG_COMPILER_APPICON_NAME = AppIcon;
				CODE_SIGN_STYLE = Automatic;
				INFOPLIST_FILE = "ＥＶ/Info.plist";
				LD_RUNPATH_SEARCH_PATHS = "$(inherited) @executable_path/Frameworks";
				PRODUCT_BUNDLE_IDENTIFIER = "ntou.jt.--";
				PRODUCT_NAME = "$(TARGET_NAME)";
				SWIFT_VERSION = 4.0;
				TARGETED_DEVICE_FAMILY = "1,2";
			};
			name = Debug;
		};
		C195E1BE1F906A0200E7F620 /* Release */ = {
			isa = XCBuildConfiguration;
			buildSettings = {
				ASSETCATALOG_COMPILER_APPICON_NAME = AppIcon;
				CODE_SIGN_STYLE = Automatic;
				INFOPLIST_FILE = "ＥＶ/Info.plist";
				LD_RUNPATH_SEARCH_PATHS = "$(inherited) @executable_path/Frameworks";
				PRODUCT_BUNDLE_IDENTIFIER = "ntou.jt.--";
				PRODUCT_NAME = "$(TARGET_NAME)";
				SWIFT_VERSION = 4.0;
				TARGETED_DEVICE_FAMILY = "1,2";
			};
			name = Release;
		};
/* End XCBuildConfiguration section */

/* Begin XCConfigurationList section */
		C195E1A51F906A0200E7F620 /* Build configuration list for PBXProject "ＥＶ" */ = {
			isa = XCConfigurationList;
			buildConfigurations = (
				C195E1BA1F906A0200E7F620 /* Debug */,
				C195E1BB1F906A0200E7F620 /* Release */,
			);
			defaultConfigurationIsVisible = 0;
			defaultConfigurationName = Release;
		};
		C195E1BC1F906A0200E7F620 /* Build configuration list for PBXNativeTarget "ＥＶ" */ = {
			isa = XCConfigurationList;
			buildConfigurations = (
				C195E1BD1F906A0200E7F620 /* Debug */,
				C195E1BE1F906A0200E7F620 /* Release */,
			);
			defaultConfigurationIsVisible = 0;
			defaultConfigurationName = Release;
		};
/* End XCConfigurationList section */
	};
	rootObject = C195E1A21F906A0200E7F620 /* Project object */;
}
